
Microsoft Visual Studio Solution File, Format Version 12.00
Project("{FAE04EC0-301F-11D3-BF4B-00C04F79EFBC}") = "PizzaDelivery.Cooking.Domain", "PizzaDelivery.Cooking.Domain\PizzaDelivery.Cooking.Domain.csproj", "{3ECE82D9-81D7-46BB-8E79-7468A5F03B47}"
EndProject
Project("{FAE04EC0-301F-11D3-BF4B-00C04F79EFBC}") = "MessageBrocker", "MessageBrocker\MessageBrocker.csproj", "{25D5F60E-4FD1-4DB7-A11F-7F1DE0085D39}"
EndProject
Project("{FAE04EC0-301F-11D3-BF4B-00C04F79EFBC}") = "UnitTests", "UnitTests\UnitTests.csproj", "{19001487-5CA3-4D9A-AB27-1E4683CCAC12}"
EndProject
Project("{FAE04EC0-301F-11D3-BF4B-00C04F79EFBC}") = "IntegrationTests", "IntegrationTests\IntegrationTests.csproj", "{4E02D005-A89A-455C-8B6C-512F9318D7F7}"
EndProject
Project("{2150E333-8FDC-42A3-9474-1A3956D46DE8}") = "Tests", "Tests", "{581D112D-5654-42FB-9CC4-D9C6AB9C36E6}"
EndProject
Project("{FAE04EC0-301F-11D3-BF4B-00C04F79EFBC}") = "App", "App\App.csproj", "{CD65EA61-EDCC-4E26-8D3F-CDEF8E80AC64}"
EndProject
Project("{2150E333-8FDC-42A3-9474-1A3956D46DE8}") = "Src", "Src", "{36D2B7B7-1C4B-495F-A04C-DF957090C96F}"
EndProject
Project("{2150E333-8FDC-42A3-9474-1A3956D46DE8}") = "Core", "Core", "{E38494A5-FF15-46D3-B92F-0555B48B7EA8}"
EndProject
Project("{2150E333-8FDC-42A3-9474-1A3956D46DE8}") = "Infrastructure", "Infrastructure", "{5791A13E-C040-49E7-973D-A58AD26DEFDE}"
EndProject
Project("{2150E333-8FDC-42A3-9474-1A3956D46DE8}") = "View", "View", "{E886506F-AA3F-4667-80A9-573BAAA8F97A}"
EndProject
Project("{FAE04EC0-301F-11D3-BF4B-00C04F79EFBC}") = "DAL", "DAL\DAL.csproj", "{FF3C0AAE-88AB-4F47-A9AB-E902AF1DDF2D}"
EndProject
Project("{FAE04EC0-301F-11D3-BF4B-00C04F79EFBC}") = "API", "API\API.csproj", "{6CEAF65C-4DDF-4B11-8FD7-918655ECC0AC}"
EndProject
Global
	GlobalSection(SolutionConfigurationPlatforms) = preSolution
		Debug|Any CPU = Debug|Any CPU
		Release|Any CPU = Release|Any CPU
	EndGlobalSection
	GlobalSection(ProjectConfigurationPlatforms) = postSolution
		{3ECE82D9-81D7-46BB-8E79-7468A5F03B47}.Debug|Any CPU.ActiveCfg = Debug|Any CPU
		{3ECE82D9-81D7-46BB-8E79-7468A5F03B47}.Debug|Any CPU.Build.0 = Debug|Any CPU
		{3ECE82D9-81D7-46BB-8E79-7468A5F03B47}.Release|Any CPU.ActiveCfg = Release|Any CPU
		{3ECE82D9-81D7-46BB-8E79-7468A5F03B47}.Release|Any CPU.Build.0 = Release|Any CPU
		{25D5F60E-4FD1-4DB7-A11F-7F1DE0085D39}.Debug|Any CPU.ActiveCfg = Debug|Any CPU
		{25D5F60E-4FD1-4DB7-A11F-7F1DE0085D39}.Debug|Any CPU.Build.0 = Debug|Any CPU
		{25D5F60E-4FD1-4DB7-A11F-7F1DE0085D39}.Release|Any CPU.ActiveCfg = Release|Any CPU
		{25D5F60E-4FD1-4DB7-A11F-7F1DE0085D39}.Release|Any CPU.Build.0 = Release|Any CPU
		{19001487-5CA3-4D9A-AB27-1E4683CCAC12}.Debug|Any CPU.ActiveCfg = Debug|Any CPU
		{19001487-5CA3-4D9A-AB27-1E4683CCAC12}.Debug|Any CPU.Build.0 = Debug|Any CPU
		{19001487-5CA3-4D9A-AB27-1E4683CCAC12}.Release|Any CPU.ActiveCfg = Release|Any CPU
		{19001487-5CA3-4D9A-AB27-1E4683CCAC12}.Release|Any CPU.Build.0 = Release|Any CPU
		{4E02D005-A89A-455C-8B6C-512F9318D7F7}.Debug|Any CPU.ActiveCfg = Debug|Any CPU
		{4E02D005-A89A-455C-8B6C-512F9318D7F7}.Debug|Any CPU.Build.0 = Debug|Any CPU
		{4E02D005-A89A-455C-8B6C-512F9318D7F7}.Release|Any CPU.ActiveCfg = Release|Any CPU
		{4E02D005-A89A-455C-8B6C-512F9318D7F7}.Release|Any CPU.Build.0 = Release|Any CPU
		{CD65EA61-EDCC-4E26-8D3F-CDEF8E80AC64}.Debug|Any CPU.ActiveCfg = Debug|Any CPU
		{CD65EA61-EDCC-4E26-8D3F-CDEF8E80AC64}.Debug|Any CPU.Build.0 = Debug|Any CPU
		{CD65EA61-EDCC-4E26-8D3F-CDEF8E80AC64}.Release|Any CPU.ActiveCfg = Release|Any CPU
		{CD65EA61-EDCC-4E26-8D3F-CDEF8E80AC64}.Release|Any CPU.Build.0 = Release|Any CPU
		{FF3C0AAE-88AB-4F47-A9AB-E902AF1DDF2D}.Debug|Any CPU.ActiveCfg = Debug|Any CPU
		{FF3C0AAE-88AB-4F47-A9AB-E902AF1DDF2D}.Debug|Any CPU.Build.0 = Debug|Any CPU
		{FF3C0AAE-88AB-4F47-A9AB-E902AF1DDF2D}.Release|Any CPU.ActiveCfg = Release|Any CPU
		{FF3C0AAE-88AB-4F47-A9AB-E902AF1DDF2D}.Release|Any CPU.Build.0 = Release|Any CPU
		{6CEAF65C-4DDF-4B11-8FD7-918655ECC0AC}.Debug|Any CPU.ActiveCfg = Debug|Any CPU
		{6CEAF65C-4DDF-4B11-8FD7-918655ECC0AC}.Debug|Any CPU.Build.0 = Debug|Any CPU
		{6CEAF65C-4DDF-4B11-8FD7-918655ECC0AC}.Release|Any CPU.ActiveCfg = Release|Any CPU
		{6CEAF65C-4DDF-4B11-8FD7-918655ECC0AC}.Release|Any CPU.Build.0 = Release|Any CPU
	EndGlobalSection
	GlobalSection(NestedProjects) = preSolution
		{4E02D005-A89A-455C-8B6C-512F9318D7F7} = {581D112D-5654-42FB-9CC4-D9C6AB9C36E6}
		{19001487-5CA3-4D9A-AB27-1E4683CCAC12} = {581D112D-5654-42FB-9CC4-D9C6AB9C36E6}
		{E38494A5-FF15-46D3-B92F-0555B48B7EA8} = {36D2B7B7-1C4B-495F-A04C-DF957090C96F}
		{CD65EA61-EDCC-4E26-8D3F-CDEF8E80AC64} = {E38494A5-FF15-46D3-B92F-0555B48B7EA8}
		{3ECE82D9-81D7-46BB-8E79-7468A5F03B47} = {E38494A5-FF15-46D3-B92F-0555B48B7EA8}
		{5791A13E-C040-49E7-973D-A58AD26DEFDE} = {36D2B7B7-1C4B-495F-A04C-DF957090C96F}
		{25D5F60E-4FD1-4DB7-A11F-7F1DE0085D39} = {5791A13E-C040-49E7-973D-A58AD26DEFDE}
		{E886506F-AA3F-4667-80A9-573BAAA8F97A} = {36D2B7B7-1C4B-495F-A04C-DF957090C96F}
		{FF3C0AAE-88AB-4F47-A9AB-E902AF1DDF2D} = {5791A13E-C040-49E7-973D-A58AD26DEFDE}
		{6CEAF65C-4DDF-4B11-8FD7-918655ECC0AC} = {E886506F-AA3F-4667-80A9-573BAAA8F97A}
	EndGlobalSection
EndGlobal
